
Microsoft Visual Studio Solution File, Format Version 12.00
# Visual Studio Version 17
VisualStudioVersion = 17.6.33801.468
MinimumVisualStudioVersion = 10.0.40219.1
Project("{FAE04EC0-301F-11D3-BF4B-00C04F79EFBC}") = "tabara", "tabara\tabara.csproj", "{688A2448-5E5B-4971-93FB-D0DA97AB552E}"
EndProject
Global
	GlobalSection(SolutionConfigurationPlatforms) = preSolution
		Debug|Any CPU = Debug|Any CPU
		Release|Any CPU = Release|Any CPU
	EndGlobalSection
	GlobalSection(ProjectConfigurationPlatforms) = postSolution
		{688A2448-5E5B-4971-93FB-D0DA97AB552E}.Debug|Any CPU.ActiveCfg = Debug|Any CPU
		{688A2448-5E5B-4971-93FB-D0DA97AB552E}.Debug|Any CPU.Build.0 = Debug|Any CPU
		{688A2448-5E5B-4971-93FB-D0DA97AB552E}.Release|Any CPU.ActiveCfg = Release|Any CPU
		{688A2448-5E5B-4971-93FB-D0DA97AB552E}.Release|Any CPU.Build.0 = Release|Any CPU
	EndGlobalSection
	GlobalSection(SolutionProperties) = preSolution
		HideSolutionNode = FALSE
	EndGlobalSection
	GlobalSection(ExtensibilityGlobals) = postSolution
		SolutionGuid = {6A59FE9F-0FF6-4337-A2B8-4761251ACE55}
	EndGlobalSection
EndGlobal
